
Microsoft Visual Studio Solution File, Format Version 12.00
# Visual Studio Version 16
VisualStudioVersion = 16.0.31729.503
MinimumVisualStudioVersion = 10.0.40219.1
Project("{FAE04EC0-301F-11D3-BF4B-00C04F79EFBC}") = "PDF.Android", "PDF\PDF.Android\PDF.Android.csproj", "{6A3274F8-12D1-41ED-9BC0-811B781D55AB}"
EndProject
Project("{FAE04EC0-301F-11D3-BF4B-00C04F79EFBC}") = "PDF.iOS", "PDF\PDF.iOS\PDF.iOS.csproj", "{3616F4E0-3455-44EF-BC93-B40AB0487677}"
EndProject
Project("{FAE04EC0-301F-11D3-BF4B-00C04F79EFBC}") = "PDF", "PDF\PDF\PDF.csproj", "{A498D7E5-945E-42E3-B5C2-E4230DF728A5}"
EndProject
Global
	GlobalSection(SolutionConfigurationPlatforms) = preSolution
		Debug|Any CPU = Debug|Any CPU
		Debug|iPhone = Debug|iPhone
		Debug|iPhoneSimulator = Debug|iPhoneSimulator
		Release|Any CPU = Release|Any CPU
		Release|iPhone = Release|iPhone
		Release|iPhoneSimulator = Release|iPhoneSimulator
	EndGlobalSection
	GlobalSection(ProjectConfigurationPlatforms) = postSolution
		{6A3274F8-12D1-41ED-9BC0-811B781D55AB}.Debug|Any CPU.ActiveCfg = Debug|Any CPU
		{6A3274F8-12D1-41ED-9BC0-811B781D55AB}.Debug|Any CPU.Build.0 = Debug|Any CPU
		{6A3274F8-12D1-41ED-9BC0-811B781D55AB}.Debug|Any CPU.Deploy.0 = Debug|Any CPU
		{6A3274F8-12D1-41ED-9BC0-811B781D55AB}.Debug|iPhone.ActiveCfg = Debug|Any CPU
		{6A3274F8-12D1-41ED-9BC0-811B781D55AB}.Debug|iPhone.Build.0 = Debug|Any CPU
		{6A3274F8-12D1-41ED-9BC0-811B781D55AB}.Debug|iPhone.Deploy.0 = Debug|Any CPU
		{6A3274F8-12D1-41ED-9BC0-811B781D55AB}.Debug|iPhoneSimulator.ActiveCfg = Debug|Any CPU
		{6A3274F8-12D1-41ED-9BC0-811B781D55AB}.Debug|iPhoneSimulator.Build.0 = Debug|Any CPU
		{6A3274F8-12D1-41ED-9BC0-811B781D55AB}.Debug|iPhoneSimulator.Deploy.0 = Debug|Any CPU
		{6A3274F8-12D1-41ED-9BC0-811B781D55AB}.Release|Any CPU.ActiveCfg = Release|Any CPU
		{6A3274F8-12D1-41ED-9BC0-811B781D55AB}.Release|Any CPU.Build.0 = Release|Any CPU
		{6A3274F8-12D1-41ED-9BC0-811B781D55AB}.Release|Any CPU.Deploy.0 = Release|Any CPU
		{6A3274F8-12D1-41ED-9BC0-811B781D55AB}.Release|iPhone.ActiveCfg = Release|Any CPU
		{6A3274F8-12D1-41ED-9BC0-811B781D55AB}.Release|iPhone.Build.0 = Release|Any CPU
		{6A3274F8-12D1-41ED-9BC0-811B781D55AB}.Release|iPhone.Deploy.0 = Release|Any CPU
		{6A3274F8-12D1-41ED-9BC0-811B781D55AB}.Release|iPhoneSimulator.ActiveCfg = Release|Any CPU
		{6A3274F8-12D1-41ED-9BC0-811B781D55AB}.Release|iPhoneSimulator.Build.0 = Release|Any CPU
		{6A3274F8-12D1-41ED-9BC0-811B781D55AB}.Release|iPhoneSimulator.Deploy.0 = Release|Any CPU
		{3616F4E0-3455-44EF-BC93-B40AB0487677}.Debug|Any CPU.ActiveCfg = Debug|iPhone
		{3616F4E0-3455-44EF-BC93-B40AB0487677}.Debug|Any CPU.Build.0 = Debug|iPhone
		{3616F4E0-3455-44EF-BC93-B40AB0487677}.Debug|Any CPU.Deploy.0 = Debug|iPhone
		{3616F4E0-3455-44EF-BC93-B40AB0487677}.Debug|iPhone.ActiveCfg = Debug|iPhone
		{3616F4E0-3455-44EF-BC93-B40AB0487677}.Debug|iPhone.Build.0 = Debug|iPhone
		{3616F4E0-3455-44EF-BC93-B40AB0487677}.Debug|iPhone.Deploy.0 = Debug|iPhone
		{3616F4E0-3455-44EF-BC93-B40AB0487677}.Debug|iPhoneSimulator.ActiveCfg = Debug|iPhoneSimulator
		{3616F4E0-3455-44EF-BC93-B40AB0487677}.Debug|iPhoneSimulator.Build.0 = Debug|iPhoneSimulator
		{3616F4E0-3455-44EF-BC93-B40AB0487677}.Debug|iPhoneSimulator.Deploy.0 = Debug|iPhoneSimulator
		{3616F4E0-3455-44EF-BC93-B40AB0487677}.Release|Any CPU.ActiveCfg = Release|iPhoneSimulator
		{3616F4E0-3455-44EF-BC93-B40AB0487677}.Release|Any CPU.Build.0 = Release|iPhoneSimulator
		{3616F4E0-3455-44EF-BC93-B40AB0487677}.Release|Any CPU.Deploy.0 = Release|iPhoneSimulator
		{3616F4E0-3455-44EF-BC93-B40AB0487677}.Release|iPhone.ActiveCfg = Release|iPhone
		{3616F4E0-3455-44EF-BC93-B40AB0487677}.Release|iPhone.Build.0 = Release|iPhone
		{3616F4E0-3455-44EF-BC93-B40AB0487677}.Release|iPhone.Deploy.0 = Release|iPhone
		{3616F4E0-3455-44EF-BC93-B40AB0487677}.Release|iPhoneSimulator.ActiveCfg = Release|iPhoneSimulator
		{3616F4E0-3455-44EF-BC93-B40AB0487677}.Release|iPhoneSimulator.Build.0 = Release|iPhoneSimulator
		{3616F4E0-3455-44EF-BC93-B40AB0487677}.Release|iPhoneSimulator.Deploy.0 = Release|iPhoneSimulator
		{A498D7E5-945E-42E3-B5C2-E4230DF728A5}.Debug|Any CPU.ActiveCfg = Debug|Any CPU
		{A498D7E5-945E-42E3-B5C2-E4230DF728A5}.Debug|Any CPU.Build.0 = Debug|Any CPU
		{A498D7E5-945E-42E3-B5C2-E4230DF728A5}.Debug|Any CPU.Deploy.0 = Debug|Any CPU
		{A498D7E5-945E-42E3-B5C2-E4230DF728A5}.Debug|iPhone.ActiveCfg = Debug|Any CPU
		{A498D7E5-945E-42E3-B5C2-E4230DF728A5}.Debug|iPhone.Build.0 = Debug|Any CPU
		{A498D7E5-945E-42E3-B5C2-E4230DF728A5}.Debug|iPhone.Deploy.0 = Debug|Any CPU
		{A498D7E5-945E-42E3-B5C2-E4230DF728A5}.Debug|iPhoneSimulator.ActiveCfg = Debug|Any CPU
		{A498D7E5-945E-42E3-B5C2-E4230DF728A5}.Debug|iPhoneSimulator.Build.0 = Debug|Any CPU
		{A498D7E5-945E-42E3-B5C2-E4230DF728A5}.Debug|iPhoneSimulator.Deploy.0 = Debug|Any CPU
		{A498D7E5-945E-42E3-B5C2-E4230DF728A5}.Release|Any CPU.ActiveCfg = Release|Any CPU
		{A498D7E5-945E-42E3-B5C2-E4230DF728A5}.Release|Any CPU.Build.0 = Release|Any CPU
		{A498D7E5-945E-42E3-B5C2-E4230DF728A5}.Release|Any CPU.Deploy.0 = Release|Any CPU
		{A498D7E5-945E-42E3-B5C2-E4230DF728A5}.Release|iPhone.ActiveCfg = Release|Any CPU
		{A498D7E5-945E-42E3-B5C2-E4230DF728A5}.Release|iPhone.Build.0 = Release|Any CPU
		{A498D7E5-945E-42E3-B5C2-E4230DF728A5}.Release|iPhone.Deploy.0 = Release|Any CPU
		{A498D7E5-945E-42E3-B5C2-E4230DF728A5}.Release|iPhoneSimulator.ActiveCfg = Release|Any CPU
		{A498D7E5-945E-42E3-B5C2-E4230DF728A5}.Release|iPhoneSimulator.Build.0 = Release|Any CPU
		{A498D7E5-945E-42E3-B5C2-E4230DF728A5}.Release|iPhoneSimulator.Deploy.0 = Release|Any CPU
	EndGlobalSection
	GlobalSection(SolutionProperties) = preSolution
		HideSolutionNode = FALSE
	EndGlobalSection
	GlobalSection(ExtensibilityGlobals) = postSolution
		SolutionGuid = {478CD471-3998-4C65-B03B-BB278F7CD647}
	EndGlobalSection
EndGlobal
