
Microsoft Visual Studio Solution File, Format Version 12.00
# Visual Studio Version 16
VisualStudioVersion = 16.0.31729.503
MinimumVisualStudioVersion = 10.0.40219.1
Project("{FAE04EC0-301F-11D3-BF4B-00C04F79EFBC}") = "PDF", "PDF\PDF.csproj", "{AB94447C-ADB2-49FF-B4AF-811814B0D605}"
EndProject
Global
	GlobalSection(SolutionConfigurationPlatforms) = preSolution
		Debug|Any CPU = Debug|Any CPU
		Release|Any CPU = Release|Any CPU
	EndGlobalSection
	GlobalSection(ProjectConfigurationPlatforms) = postSolution
		{AB94447C-ADB2-49FF-B4AF-811814B0D605}.Debug|Any CPU.ActiveCfg = Debug|Any CPU
		{AB94447C-ADB2-49FF-B4AF-811814B0D605}.Debug|Any CPU.Build.0 = Debug|Any CPU
		{AB94447C-ADB2-49FF-B4AF-811814B0D605}.Debug|Any CPU.Deploy.0 = Debug|Any CPU
		{AB94447C-ADB2-49FF-B4AF-811814B0D605}.Release|Any CPU.ActiveCfg = Release|Any CPU
		{AB94447C-ADB2-49FF-B4AF-811814B0D605}.Release|Any CPU.Build.0 = Release|Any CPU
		{AB94447C-ADB2-49FF-B4AF-811814B0D605}.Release|Any CPU.Deploy.0 = Release|Any CPU
	EndGlobalSection
	GlobalSection(SolutionProperties) = preSolution
		HideSolutionNode = FALSE
	EndGlobalSection
	GlobalSection(ExtensibilityGlobals) = postSolution
		SolutionGuid = {FA6D71DD-0A02-4496-998C-61855C5179A6}
	EndGlobalSection
EndGlobal
